
Microsoft Visual Studio Solution File, Format Version 12.00
# Visual Studio Version 17
VisualStudioVersion = 17.4.33122.133
MinimumVisualStudioVersion = 10.0.40219.1
Project("{FAE04EC0-301F-11D3-BF4B-00C04F79EFBC}") = "Softvision.ECommerceDemo.Api", "Softvision.ECommerceDemo.Api\Softvision.ECommerceDemo.Api.csproj", "{711C933C-7277-4820-8ABB-2E069E6A3925}"
EndProject
Project("{FAE04EC0-301F-11D3-BF4B-00C04F79EFBC}") = "Softvision.ECommerceDemo.Core", "Softvision.ECommerceDemo.Domain\Softvision.ECommerceDemo.Core.csproj", "{759D0EB4-7A3E-4644-9930-A4B315590668}"
EndProject
Global
	GlobalSection(SolutionConfigurationPlatforms) = preSolution
		Debug|Any CPU = Debug|Any CPU
		Release|Any CPU = Release|Any CPU
	EndGlobalSection
	GlobalSection(ProjectConfigurationPlatforms) = postSolution
		{711C933C-7277-4820-8ABB-2E069E6A3925}.Debug|Any CPU.ActiveCfg = Debug|Any CPU
		{711C933C-7277-4820-8ABB-2E069E6A3925}.Debug|Any CPU.Build.0 = Debug|Any CPU
		{711C933C-7277-4820-8ABB-2E069E6A3925}.Release|Any CPU.ActiveCfg = Release|Any CPU
		{711C933C-7277-4820-8ABB-2E069E6A3925}.Release|Any CPU.Build.0 = Release|Any CPU
		{759D0EB4-7A3E-4644-9930-A4B315590668}.Debug|Any CPU.ActiveCfg = Debug|Any CPU
		{759D0EB4-7A3E-4644-9930-A4B315590668}.Debug|Any CPU.Build.0 = Debug|Any CPU
		{759D0EB4-7A3E-4644-9930-A4B315590668}.Release|Any CPU.ActiveCfg = Release|Any CPU
		{759D0EB4-7A3E-4644-9930-A4B315590668}.Release|Any CPU.Build.0 = Release|Any CPU
	EndGlobalSection
	GlobalSection(SolutionProperties) = preSolution
		HideSolutionNode = FALSE
	EndGlobalSection
	GlobalSection(ExtensibilityGlobals) = postSolution
		SolutionGuid = {98F41448-40CD-4CAF-8D34-54D203203E24}
	EndGlobalSection
EndGlobal
